// !$*UTF8*$!
{
	archiveVersion = 1;
	classes = {
	};
	objectVersion = 52;
	objects = {

/* Begin PBXBuildFile section */
		332C4250246549BF00413940 /* ToolbarManager.swift in Sources */ = {isa = PBXBuildFile; fileRef = 332C424F246549BF00413940 /* ToolbarManager.swift */; };
		332C42542465575100413940 /* MangaProvider.swift in Sources */ = {isa = PBXBuildFile; fileRef = 332C42532465575100413940 /* MangaProvider.swift */; };
		332C4257246558CB00413940 /* LatestMangaProvider.swift in Sources */ = {isa = PBXBuildFile; fileRef = 332C4256246558CB00413940 /* LatestMangaProvider.swift */; };
		332C425924657CBD00413940 /* QuickLookViewController.swift in Sources */ = {isa = PBXBuildFile; fileRef = 332C425824657CBD00413940 /* QuickLookViewController.swift */; };
		33500E802465C96900A19B5C /* FeaturedMangaProvider.swift in Sources */ = {isa = PBXBuildFile; fileRef = 33500E7F2465C96900A19B5C /* FeaturedMangaProvider.swift */; };
		33500E822465C9A500A19B5C /* ListedMangaProvider.swift in Sources */ = {isa = PBXBuildFile; fileRef = 33500E812465C9A500A19B5C /* ListedMangaProvider.swift */; };
		33500E842465D1F500A19B5C /* FollowedMangaProvider.swift in Sources */ = {isa = PBXBuildFile; fileRef = 33500E832465D1F500A19B5C /* FollowedMangaProvider.swift */; };
		33500E862465D7EF00A19B5C /* LoadingView.swift in Sources */ = {isa = PBXBuildFile; fileRef = 33500E852465D7EF00A19B5C /* LoadingView.swift */; };
		3350C1532466FEFF00B1B1E3 /* SortOptionsViewController.swift in Sources */ = {isa = PBXBuildFile; fileRef = 3350C1522466FEFF00B1B1E3 /* SortOptionsViewController.swift */; };
		3350C1562467155900B1B1E3 /* HomeViewController+CollectionView.swift in Sources */ = {isa = PBXBuildFile; fileRef = 3350C1542467155900B1B1E3 /* HomeViewController+CollectionView.swift */; };
		3350C15A2467159900B1B1E3 /* HomeViewController+MangaProvider.swift in Sources */ = {isa = PBXBuildFile; fileRef = 3350C1592467159900B1B1E3 /* HomeViewController+MangaProvider.swift */; };
		3350C15C246715B500B1B1E3 /* HomeViewController+Toolbar.swift in Sources */ = {isa = PBXBuildFile; fileRef = 3350C15B246715B500B1B1E3 /* HomeViewController+Toolbar.swift */; };
		335D84EB2460717300637344 /* MangaDexLib in Frameworks */ = {isa = PBXBuildFile; productRef = 335D84EA2460717300637344 /* MangaDexLib */; };
		337638972460882D00A1B042 /* MangaCVItem.swift in Sources */ = {isa = PBXBuildFile; fileRef = 337638952460882D00A1B042 /* MangaCVItem.swift */; };
		337638982460882D00A1B042 /* MangaCVItem.xib in Resources */ = {isa = PBXBuildFile; fileRef = 337638962460882D00A1B042 /* MangaCVItem.xib */; };
		33A7E2BF24606E3C00BB1103 /* AppDelegate.swift in Sources */ = {isa = PBXBuildFile; fileRef = 33A7E2BE24606E3C00BB1103 /* AppDelegate.swift */; };
		33A7E2C124606E3C00BB1103 /* HomeViewController.swift in Sources */ = {isa = PBXBuildFile; fileRef = 33A7E2C024606E3C00BB1103 /* HomeViewController.swift */; };
		33A7E2C324606E4200BB1103 /* Assets.xcassets in Resources */ = {isa = PBXBuildFile; fileRef = 33A7E2C224606E4200BB1103 /* Assets.xcassets */; };
		33A7E2C624606E4200BB1103 /* Main.storyboard in Resources */ = {isa = PBXBuildFile; fileRef = 33A7E2C424606E4200BB1103 /* Main.storyboard */; };
		33FB14AC2461F2B100F236FF /* SDWebImage in Frameworks */ = {isa = PBXBuildFile; productRef = 33FB14AB2461F2B100F236FF /* SDWebImage */; };
/* End PBXBuildFile section */

/* Begin PBXFileReference section */
		332C424F246549BF00413940 /* ToolbarManager.swift */ = {isa = PBXFileReference; lastKnownFileType = sourcecode.swift; path = ToolbarManager.swift; sourceTree = "<group>"; };
		332C42532465575100413940 /* MangaProvider.swift */ = {isa = PBXFileReference; lastKnownFileType = sourcecode.swift; path = MangaProvider.swift; sourceTree = "<group>"; };
		332C4256246558CB00413940 /* LatestMangaProvider.swift */ = {isa = PBXFileReference; lastKnownFileType = sourcecode.swift; path = LatestMangaProvider.swift; sourceTree = "<group>"; };
		332C425824657CBD00413940 /* QuickLookViewController.swift */ = {isa = PBXFileReference; lastKnownFileType = sourcecode.swift; path = QuickLookViewController.swift; sourceTree = "<group>"; };
		33500E7F2465C96900A19B5C /* FeaturedMangaProvider.swift */ = {isa = PBXFileReference; lastKnownFileType = sourcecode.swift; path = FeaturedMangaProvider.swift; sourceTree = "<group>"; };
		33500E812465C9A500A19B5C /* ListedMangaProvider.swift */ = {isa = PBXFileReference; lastKnownFileType = sourcecode.swift; path = ListedMangaProvider.swift; sourceTree = "<group>"; };
		33500E832465D1F500A19B5C /* FollowedMangaProvider.swift */ = {isa = PBXFileReference; lastKnownFileType = sourcecode.swift; path = FollowedMangaProvider.swift; sourceTree = "<group>"; };
		33500E852465D7EF00A19B5C /* LoadingView.swift */ = {isa = PBXFileReference; lastKnownFileType = sourcecode.swift; path = LoadingView.swift; sourceTree = "<group>"; };
		3350C1522466FEFF00B1B1E3 /* SortOptionsViewController.swift */ = {isa = PBXFileReference; lastKnownFileType = sourcecode.swift; path = SortOptionsViewController.swift; sourceTree = "<group>"; };
		3350C1542467155900B1B1E3 /* HomeViewController+CollectionView.swift */ = {isa = PBXFileReference; lastKnownFileType = sourcecode.swift; path = "HomeViewController+CollectionView.swift"; sourceTree = "<group>"; };
		3350C1592467159900B1B1E3 /* HomeViewController+MangaProvider.swift */ = {isa = PBXFileReference; lastKnownFileType = sourcecode.swift; path = "HomeViewController+MangaProvider.swift"; sourceTree = "<group>"; };
		3350C15B246715B500B1B1E3 /* HomeViewController+Toolbar.swift */ = {isa = PBXFileReference; lastKnownFileType = sourcecode.swift; path = "HomeViewController+Toolbar.swift"; sourceTree = "<group>"; };
		337638952460882D00A1B042 /* MangaCVItem.swift */ = {isa = PBXFileReference; lastKnownFileType = sourcecode.swift; path = MangaCVItem.swift; sourceTree = "<group>"; };
		337638962460882D00A1B042 /* MangaCVItem.xib */ = {isa = PBXFileReference; lastKnownFileType = file.xib; path = MangaCVItem.xib; sourceTree = "<group>"; };
		33A7E2BB24606E3C00BB1103 /* Kitsune.app */ = {isa = PBXFileReference; explicitFileType = wrapper.application; includeInIndex = 0; path = Kitsune.app; sourceTree = BUILT_PRODUCTS_DIR; };
		33A7E2BE24606E3C00BB1103 /* AppDelegate.swift */ = {isa = PBXFileReference; lastKnownFileType = sourcecode.swift; path = AppDelegate.swift; sourceTree = "<group>"; };
		33A7E2C024606E3C00BB1103 /* HomeViewController.swift */ = {isa = PBXFileReference; lastKnownFileType = sourcecode.swift; path = HomeViewController.swift; sourceTree = "<group>"; };
		33A7E2C224606E4200BB1103 /* Assets.xcassets */ = {isa = PBXFileReference; lastKnownFileType = folder.assetcatalog; path = Assets.xcassets; sourceTree = "<group>"; };
		33A7E2C524606E4200BB1103 /* Base */ = {isa = PBXFileReference; lastKnownFileType = file.storyboard; name = Base; path = Base.lproj/Main.storyboard; sourceTree = "<group>"; };
		33A7E2C724606E4200BB1103 /* Info.plist */ = {isa = PBXFileReference; lastKnownFileType = text.plist.xml; path = Info.plist; sourceTree = "<group>"; };
		33A7E2C824606E4200BB1103 /* Kitsune_macos.entitlements */ = {isa = PBXFileReference; lastKnownFileType = text.plist.entitlements; path = Kitsune_macos.entitlements; sourceTree = "<group>"; };
/* End PBXFileReference section */

/* Begin PBXFrameworksBuildPhase section */
		33A7E2B824606E3C00BB1103 /* Frameworks */ = {
			isa = PBXFrameworksBuildPhase;
			buildActionMask = 2147483647;
			files = (
				33FB14AC2461F2B100F236FF /* SDWebImage in Frameworks */,
				335D84EB2460717300637344 /* MangaDexLib in Frameworks */,
			);
			runOnlyForDeploymentPostprocessing = 0;
		};
/* End PBXFrameworksBuildPhase section */

/* Begin PBXGroup section */
		332C4255246558B300413940 /* Fetch jobs */ = {
			isa = PBXGroup;
			children = (
				332C42532465575100413940 /* MangaProvider.swift */,
				332C4256246558CB00413940 /* LatestMangaProvider.swift */,
				33500E7F2465C96900A19B5C /* FeaturedMangaProvider.swift */,
				33500E812465C9A500A19B5C /* ListedMangaProvider.swift */,
				33500E832465D1F500A19B5C /* FollowedMangaProvider.swift */,
			);
			path = "Fetch jobs";
			sourceTree = "<group>";
		};
		3350C1582467157900B1B1E3 /* Home */ = {
			isa = PBXGroup;
			children = (
				33A7E2C024606E3C00BB1103 /* HomeViewController.swift */,
				3350C1542467155900B1B1E3 /* HomeViewController+CollectionView.swift */,
				3350C1592467159900B1B1E3 /* HomeViewController+MangaProvider.swift */,
				3350C15B246715B500B1B1E3 /* HomeViewController+Toolbar.swift */,
				33500E852465D7EF00A19B5C /* LoadingView.swift */,
				337638952460882D00A1B042 /* MangaCVItem.swift */,
				337638962460882D00A1B042 /* MangaCVItem.xib */,
			);
			path = Home;
			sourceTree = "<group>";
		};
		3350C15D2467178400B1B1E3 /* Popovers */ = {
			isa = PBXGroup;
			children = (
				332C425824657CBD00413940 /* QuickLookViewController.swift */,
				3350C1522466FEFF00B1B1E3 /* SortOptionsViewController.swift */,
			);
			path = Popovers;
			sourceTree = "<group>";
		};
		33A7E2B224606E3B00BB1103 = {
			isa = PBXGroup;
			children = (
				33A7E2BD24606E3C00BB1103 /* Kitsune-macos */,
				33A7E2BC24606E3C00BB1103 /* Products */,
			);
			sourceTree = "<group>";
		};
		33A7E2BC24606E3C00BB1103 /* Products */ = {
			isa = PBXGroup;
			children = (
				33A7E2BB24606E3C00BB1103 /* Kitsune.app */,
			);
			name = Products;
			sourceTree = "<group>";
		};
		33A7E2BD24606E3C00BB1103 /* Kitsune-macos */ = {
			isa = PBXGroup;
			children = (
				33A7E2BE24606E3C00BB1103 /* AppDelegate.swift */,
				332C424F246549BF00413940 /* ToolbarManager.swift */,
				3350C1582467157900B1B1E3 /* Home */,
				3350C15D2467178400B1B1E3 /* Popovers */,
				332C4255246558B300413940 /* Fetch jobs */,
				33A7E2C224606E4200BB1103 /* Assets.xcassets */,
				33A7E2C424606E4200BB1103 /* Main.storyboard */,
				33A7E2C724606E4200BB1103 /* Info.plist */,
				33A7E2C824606E4200BB1103 /* Kitsune_macos.entitlements */,
			);
			path = "Kitsune-macos";
			sourceTree = "<group>";
		};
/* End PBXGroup section */

/* Begin PBXNativeTarget section */
		33A7E2BA24606E3C00BB1103 /* Kitsune */ = {
			isa = PBXNativeTarget;
			buildConfigurationList = 33A7E2CB24606E4200BB1103 /* Build configuration list for PBXNativeTarget "Kitsune" */;
			buildPhases = (
				33A7E2B724606E3C00BB1103 /* Sources */,
				33A7E2B824606E3C00BB1103 /* Frameworks */,
				33A7E2B924606E3C00BB1103 /* Resources */,
				33A7E2CE24606FBA00BB1103 /* SwiftLint */,
			);
			buildRules = (
			);
			dependencies = (
			);
			name = Kitsune;
			packageProductDependencies = (
				335D84EA2460717300637344 /* MangaDexLib */,
				33FB14AB2461F2B100F236FF /* SDWebImage */,
			);
			productName = "Kitsune-macos";
			productReference = 33A7E2BB24606E3C00BB1103 /* Kitsune.app */;
			productType = "com.apple.product-type.application";
		};
/* End PBXNativeTarget section */

/* Begin PBXProject section */
		33A7E2B324606E3B00BB1103 /* Project object */ = {
			isa = PBXProject;
			attributes = {
				LastSwiftUpdateCheck = 1140;
				LastUpgradeCheck = 1140;
				ORGANIZATIONNAME = JustKodding;
				TargetAttributes = {
					33A7E2BA24606E3C00BB1103 = {
						CreatedOnToolsVersion = 11.4.1;
					};
				};
			};
			buildConfigurationList = 33A7E2B624606E3B00BB1103 /* Build configuration list for PBXProject "Kitsune-macos" */;
			compatibilityVersion = "Xcode 9.3";
			developmentRegion = en;
			hasScannedForEncodings = 0;
			knownRegions = (
				en,
				Base,
			);
			mainGroup = 33A7E2B224606E3B00BB1103;
			packageReferences = (
				335D84E92460717300637344 /* XCRemoteSwiftPackageReference "MangaDexLib" */,
				33FB14AA2461F2B100F236FF /* XCRemoteSwiftPackageReference "SDWebImage" */,
			);
			productRefGroup = 33A7E2BC24606E3C00BB1103 /* Products */;
			projectDirPath = "";
			projectRoot = "";
			targets = (
				33A7E2BA24606E3C00BB1103 /* Kitsune */,
			);
		};
/* End PBXProject section */

/* Begin PBXResourcesBuildPhase section */
		33A7E2B924606E3C00BB1103 /* Resources */ = {
			isa = PBXResourcesBuildPhase;
			buildActionMask = 2147483647;
			files = (
				33A7E2C324606E4200BB1103 /* Assets.xcassets in Resources */,
				33A7E2C624606E4200BB1103 /* Main.storyboard in Resources */,
				337638982460882D00A1B042 /* MangaCVItem.xib in Resources */,
			);
			runOnlyForDeploymentPostprocessing = 0;
		};
/* End PBXResourcesBuildPhase section */

/* Begin PBXShellScriptBuildPhase section */
		33A7E2CE24606FBA00BB1103 /* SwiftLint */ = {
			isa = PBXShellScriptBuildPhase;
			buildActionMask = 2147483647;
			files = (
			);
			inputFileListPaths = (
			);
			inputPaths = (
			);
			name = SwiftLint;
			outputFileListPaths = (
			);
			outputPaths = (
			);
			runOnlyForDeploymentPostprocessing = 0;
			shellPath = /bin/sh;
			shellScript = "if which swiftlint >/dev/null; then\n  swiftlint\nelse\n  echo \"warning: SwiftLint not installed, download from https://github.com/realm/SwiftLint\"\nfi\n";
		};
/* End PBXShellScriptBuildPhase section */

/* Begin PBXSourcesBuildPhase section */
		33A7E2B724606E3C00BB1103 /* Sources */ = {
			isa = PBXSourcesBuildPhase;
			buildActionMask = 2147483647;
			files = (
				337638972460882D00A1B042 /* MangaCVItem.swift in Sources */,
				3350C15C246715B500B1B1E3 /* HomeViewController+Toolbar.swift in Sources */,
				3350C1532466FEFF00B1B1E3 /* SortOptionsViewController.swift in Sources */,
				33A7E2C124606E3C00BB1103 /* HomeViewController.swift in Sources */,
				33500E822465C9A500A19B5C /* ListedMangaProvider.swift in Sources */,
				33500E862465D7EF00A19B5C /* LoadingView.swift in Sources */,
				332C42542465575100413940 /* MangaProvider.swift in Sources */,
				332C425924657CBD00413940 /* QuickLookViewController.swift in Sources */,
				332C4250246549BF00413940 /* ToolbarManager.swift in Sources */,
				33500E802465C96900A19B5C /* FeaturedMangaProvider.swift in Sources */,
				33A7E2BF24606E3C00BB1103 /* AppDelegate.swift in Sources */,
				3350C1562467155900B1B1E3 /* HomeViewController+CollectionView.swift in Sources */,
				3350C15A2467159900B1B1E3 /* HomeViewController+MangaProvider.swift in Sources */,
				332C4257246558CB00413940 /* LatestMangaProvider.swift in Sources */,
				33500E842465D1F500A19B5C /* FollowedMangaProvider.swift in Sources */,
			);
			runOnlyForDeploymentPostprocessing = 0;
		};
/* End PBXSourcesBuildPhase section */

/* Begin PBXVariantGroup section */
		33A7E2C424606E4200BB1103 /* Main.storyboard */ = {
			isa = PBXVariantGroup;
			children = (
				33A7E2C524606E4200BB1103 /* Base */,
			);
			name = Main.storyboard;
			sourceTree = "<group>";
		};
/* End PBXVariantGroup section */

/* Begin XCBuildConfiguration section */
		33A7E2C924606E4200BB1103 /* Debug */ = {
			isa = XCBuildConfiguration;
			buildSettings = {
				ALWAYS_SEARCH_USER_PATHS = NO;
				CLANG_ANALYZER_NONNULL = YES;
				CLANG_ANALYZER_NUMBER_OBJECT_CONVERSION = YES_AGGRESSIVE;
				CLANG_CXX_LANGUAGE_STANDARD = "gnu++14";
				CLANG_CXX_LIBRARY = "libc++";
				CLANG_ENABLE_MODULES = YES;
				CLANG_ENABLE_OBJC_ARC = YES;
				CLANG_ENABLE_OBJC_WEAK = YES;
				CLANG_WARN_BLOCK_CAPTURE_AUTORELEASING = YES;
				CLANG_WARN_BOOL_CONVERSION = YES;
				CLANG_WARN_COMMA = YES;
				CLANG_WARN_CONSTANT_CONVERSION = YES;
				CLANG_WARN_DEPRECATED_OBJC_IMPLEMENTATIONS = YES;
				CLANG_WARN_DIRECT_OBJC_ISA_USAGE = YES_ERROR;
				CLANG_WARN_DOCUMENTATION_COMMENTS = YES;
				CLANG_WARN_EMPTY_BODY = YES;
				CLANG_WARN_ENUM_CONVERSION = YES;
				CLANG_WARN_INFINITE_RECURSION = YES;
				CLANG_WARN_INT_CONVERSION = YES;
				CLANG_WARN_NON_LITERAL_NULL_CONVERSION = YES;
				CLANG_WARN_OBJC_IMPLICIT_RETAIN_SELF = YES;
				CLANG_WARN_OBJC_LITERAL_CONVERSION = YES;
				CLANG_WARN_OBJC_ROOT_CLASS = YES_ERROR;
				CLANG_WARN_RANGE_LOOP_ANALYSIS = YES;
				CLANG_WARN_STRICT_PROTOTYPES = YES;
				CLANG_WARN_SUSPICIOUS_MOVE = YES;
				CLANG_WARN_UNGUARDED_AVAILABILITY = YES_AGGRESSIVE;
				CLANG_WARN_UNREACHABLE_CODE = YES;
				CLANG_WARN__DUPLICATE_METHOD_MATCH = YES;
				COPY_PHASE_STRIP = NO;
				DEBUG_INFORMATION_FORMAT = dwarf;
				ENABLE_STRICT_OBJC_MSGSEND = YES;
				ENABLE_TESTABILITY = YES;
				GCC_C_LANGUAGE_STANDARD = gnu11;
				GCC_DYNAMIC_NO_PIC = NO;
				GCC_NO_COMMON_BLOCKS = YES;
				GCC_OPTIMIZATION_LEVEL = 0;
				GCC_PREPROCESSOR_DEFINITIONS = (
					"DEBUG=1",
					"$(inherited)",
				);
				GCC_WARN_64_TO_32_BIT_CONVERSION = YES;
				GCC_WARN_ABOUT_RETURN_TYPE = YES_ERROR;
				GCC_WARN_UNDECLARED_SELECTOR = YES;
				GCC_WARN_UNINITIALIZED_AUTOS = YES_AGGRESSIVE;
				GCC_WARN_UNUSED_FUNCTION = YES;
				GCC_WARN_UNUSED_VARIABLE = YES;
				MACOSX_DEPLOYMENT_TARGET = 10.11;
				MTL_ENABLE_DEBUG_INFO = INCLUDE_SOURCE;
				MTL_FAST_MATH = YES;
				ONLY_ACTIVE_ARCH = YES;
				SDKROOT = macosx;
				SWIFT_ACTIVE_COMPILATION_CONDITIONS = DEBUG;
				SWIFT_OPTIMIZATION_LEVEL = "-Onone";
			};
			name = Debug;
		};
		33A7E2CA24606E4200BB1103 /* Release */ = {
			isa = XCBuildConfiguration;
			buildSettings = {
				ALWAYS_SEARCH_USER_PATHS = NO;
				CLANG_ANALYZER_NONNULL = YES;
				CLANG_ANALYZER_NUMBER_OBJECT_CONVERSION = YES_AGGRESSIVE;
				CLANG_CXX_LANGUAGE_STANDARD = "gnu++14";
				CLANG_CXX_LIBRARY = "libc++";
				CLANG_ENABLE_MODULES = YES;
				CLANG_ENABLE_OBJC_ARC = YES;
				CLANG_ENABLE_OBJC_WEAK = YES;
				CLANG_WARN_BLOCK_CAPTURE_AUTORELEASING = YES;
				CLANG_WARN_BOOL_CONVERSION = YES;
				CLANG_WARN_COMMA = YES;
				CLANG_WARN_CONSTANT_CONVERSION = YES;
				CLANG_WARN_DEPRECATED_OBJC_IMPLEMENTATIONS = YES;
				CLANG_WARN_DIRECT_OBJC_ISA_USAGE = YES_ERROR;
				CLANG_WARN_DOCUMENTATION_COMMENTS = YES;
				CLANG_WARN_EMPTY_BODY = YES;
				CLANG_WARN_ENUM_CONVERSION = YES;
				CLANG_WARN_INFINITE_RECURSION = YES;
				CLANG_WARN_INT_CONVERSION = YES;
				CLANG_WARN_NON_LITERAL_NULL_CONVERSION = YES;
				CLANG_WARN_OBJC_IMPLICIT_RETAIN_SELF = YES;
				CLANG_WARN_OBJC_LITERAL_CONVERSION = YES;
				CLANG_WARN_OBJC_ROOT_CLASS = YES_ERROR;
				CLANG_WARN_RANGE_LOOP_ANALYSIS = YES;
				CLANG_WARN_STRICT_PROTOTYPES = YES;
				CLANG_WARN_SUSPICIOUS_MOVE = YES;
				CLANG_WARN_UNGUARDED_AVAILABILITY = YES_AGGRESSIVE;
				CLANG_WARN_UNREACHABLE_CODE = YES;
				CLANG_WARN__DUPLICATE_METHOD_MATCH = YES;
				COPY_PHASE_STRIP = NO;
				DEBUG_INFORMATION_FORMAT = "dwarf-with-dsym";
				ENABLE_NS_ASSERTIONS = NO;
				ENABLE_STRICT_OBJC_MSGSEND = YES;
				GCC_C_LANGUAGE_STANDARD = gnu11;
				GCC_NO_COMMON_BLOCKS = YES;
				GCC_WARN_64_TO_32_BIT_CONVERSION = YES;
				GCC_WARN_ABOUT_RETURN_TYPE = YES_ERROR;
				GCC_WARN_UNDECLARED_SELECTOR = YES;
				GCC_WARN_UNINITIALIZED_AUTOS = YES_AGGRESSIVE;
				GCC_WARN_UNUSED_FUNCTION = YES;
				GCC_WARN_UNUSED_VARIABLE = YES;
				MACOSX_DEPLOYMENT_TARGET = 10.11;
				MTL_ENABLE_DEBUG_INFO = NO;
				MTL_FAST_MATH = YES;
				SDKROOT = macosx;
				SWIFT_COMPILATION_MODE = wholemodule;
				SWIFT_OPTIMIZATION_LEVEL = "-O";
			};
			name = Release;
		};
		33A7E2CC24606E4200BB1103 /* Debug */ = {
			isa = XCBuildConfiguration;
			buildSettings = {
				ASSETCATALOG_COMPILER_APPICON_NAME = AppIcon;
				CODE_SIGN_ENTITLEMENTS = "Kitsune-macos/Kitsune_macos.entitlements";
				CODE_SIGN_IDENTITY = "Apple Development";
				CODE_SIGN_STYLE = Automatic;
				COMBINE_HIDPI_IMAGES = YES;
				DEVELOPMENT_TEAM = 9J75238463;
				ENABLE_HARDENED_RUNTIME = YES;
				INFOPLIST_FILE = "Kitsune-macos/Info.plist";
				LD_RUNPATH_SEARCH_PATHS = (
					"$(inherited)",
					"@executable_path/../Frameworks",
				);
				MACOSX_DEPLOYMENT_TARGET = 10.13;
				MARKETING_VERSION = 0.1;
				PRODUCT_BUNDLE_IDENTIFIER = "com.JustKodding.Kitsune-macos";
				PRODUCT_NAME = "$(TARGET_NAME)";
				SWIFT_VERSION = 5.0;
			};
			name = Debug;
		};
		33A7E2CD24606E4200BB1103 /* Release */ = {
			isa = XCBuildConfiguration;
			buildSettings = {
				ASSETCATALOG_COMPILER_APPICON_NAME = AppIcon;
				CODE_SIGN_ENTITLEMENTS = "Kitsune-macos/Kitsune_macos.entitlements";
				CODE_SIGN_IDENTITY = "Apple Development";
				CODE_SIGN_STYLE = Automatic;
				COMBINE_HIDPI_IMAGES = YES;
				DEVELOPMENT_TEAM = 9J75238463;
				ENABLE_HARDENED_RUNTIME = YES;
				INFOPLIST_FILE = "Kitsune-macos/Info.plist";
				LD_RUNPATH_SEARCH_PATHS = (
					"$(inherited)",
					"@executable_path/../Frameworks",
				);
				MACOSX_DEPLOYMENT_TARGET = 10.13;
				MARKETING_VERSION = 0.1;
				PRODUCT_BUNDLE_IDENTIFIER = "com.JustKodding.Kitsune-macos";
				PRODUCT_NAME = "$(TARGET_NAME)";
				SWIFT_VERSION = 5.0;
			};
			name = Release;
		};
/* End XCBuildConfiguration section */

/* Begin XCConfigurationList section */
		33A7E2B624606E3B00BB1103 /* Build configuration list for PBXProject "Kitsune-macos" */ = {
			isa = XCConfigurationList;
			buildConfigurations = (
				33A7E2C924606E4200BB1103 /* Debug */,
				33A7E2CA24606E4200BB1103 /* Release */,
			);
			defaultConfigurationIsVisible = 0;
			defaultConfigurationName = Release;
		};
		33A7E2CB24606E4200BB1103 /* Build configuration list for PBXNativeTarget "Kitsune" */ = {
			isa = XCConfigurationList;
			buildConfigurations = (
				33A7E2CC24606E4200BB1103 /* Debug */,
				33A7E2CD24606E4200BB1103 /* Release */,
			);
			defaultConfigurationIsVisible = 0;
			defaultConfigurationName = Release;
		};
/* End XCConfigurationList section */

/* Begin XCRemoteSwiftPackageReference section */
		335D84E92460717300637344 /* XCRemoteSwiftPackageReference "MangaDexLib" */ = {
			isa = XCRemoteSwiftPackageReference;
			repositoryURL = "https://github.com/JRomainG/MangaDexLib";
			requirement = {
				branch = master;
				kind = branch;
			};
		};
		33FB14AA2461F2B100F236FF /* XCRemoteSwiftPackageReference "SDWebImage" */ = {
			isa = XCRemoteSwiftPackageReference;
			repositoryURL = "https://github.com/SDWebImage/SDWebImage.git";
			requirement = {
				kind = upToNextMajorVersion;
				minimumVersion = 5.0.0;
			};
		};
/* End XCRemoteSwiftPackageReference section */

/* Begin XCSwiftPackageProductDependency section */
		335D84EA2460717300637344 /* MangaDexLib */ = {
			isa = XCSwiftPackageProductDependency;
			package = 335D84E92460717300637344 /* XCRemoteSwiftPackageReference "MangaDexLib" */;
			productName = MangaDexLib;
		};
		33FB14AB2461F2B100F236FF /* SDWebImage */ = {
			isa = XCSwiftPackageProductDependency;
			package = 33FB14AA2461F2B100F236FF /* XCRemoteSwiftPackageReference "SDWebImage" */;
			productName = SDWebImage;
		};
/* End XCSwiftPackageProductDependency section */
	};
	rootObject = 33A7E2B324606E3B00BB1103 /* Project object */;
}
